
Microsoft Visual Studio Solution File, Format Version 12.00
Project("{FAE04EC0-301F-11D3-BF4B-00C04F79EFBC}") = "Battleship.Core", "Battleship.Core\Battleship.Core.csproj", "{A6733B71-17CC-47EB-938B-2A790A897649}"
EndProject
Project("{FAE04EC0-301F-11D3-BF4B-00C04F79EFBC}") = "Battleship.Tests", "Battleship.Tests\Battleship.Tests.csproj", "{FC317587-D7AE-4099-972E-A3F274A10D28}"
EndProject
Global
	GlobalSection(SolutionConfigurationPlatforms) = preSolution
		Debug|Any CPU = Debug|Any CPU
		Release|Any CPU = Release|Any CPU
	EndGlobalSection
	GlobalSection(ProjectConfigurationPlatforms) = postSolution
		{A6733B71-17CC-47EB-938B-2A790A897649}.Debug|Any CPU.ActiveCfg = Debug|Any CPU
		{A6733B71-17CC-47EB-938B-2A790A897649}.Debug|Any CPU.Build.0 = Debug|Any CPU
		{A6733B71-17CC-47EB-938B-2A790A897649}.Release|Any CPU.ActiveCfg = Release|Any CPU
		{A6733B71-17CC-47EB-938B-2A790A897649}.Release|Any CPU.Build.0 = Release|Any CPU
		{FC317587-D7AE-4099-972E-A3F274A10D28}.Debug|Any CPU.ActiveCfg = Debug|Any CPU
		{FC317587-D7AE-4099-972E-A3F274A10D28}.Debug|Any CPU.Build.0 = Debug|Any CPU
		{FC317587-D7AE-4099-972E-A3F274A10D28}.Release|Any CPU.ActiveCfg = Release|Any CPU
		{FC317587-D7AE-4099-972E-A3F274A10D28}.Release|Any CPU.Build.0 = Release|Any CPU
	EndGlobalSection
EndGlobal
